
Microsoft Visual Studio Solution File, Format Version 12.00
# Visual Studio 2013
VisualStudioVersion = 12.0.40629.0
MinimumVisualStudioVersion = 10.0.40219.1
Project("{FAE04EC0-301F-11D3-BF4B-00C04F79EFBC}") = "App28", "App28\App28.csproj", "{F941AF22-F704-43BE-B9FD-67849A068A49}"
EndProject
Project("{FAE04EC0-301F-11D3-BF4B-00C04F79EFBC}") = "App28ut", "App28ut\App28ut.csproj", "{6AE557EC-7D16-4737-84C8-31FF2B335DC6}"
EndProject
Global
	GlobalSection(SolutionConfigurationPlatforms) = preSolution
		Debug|Any CPU = Debug|Any CPU
		Release|Any CPU = Release|Any CPU
	EndGlobalSection
	GlobalSection(ProjectConfigurationPlatforms) = postSolution
		{F941AF22-F704-43BE-B9FD-67849A068A49}.Debug|Any CPU.ActiveCfg = Debug|Any CPU
		{F941AF22-F704-43BE-B9FD-67849A068A49}.Debug|Any CPU.Build.0 = Debug|Any CPU
		{F941AF22-F704-43BE-B9FD-67849A068A49}.Release|Any CPU.ActiveCfg = Release|Any CPU
		{F941AF22-F704-43BE-B9FD-67849A068A49}.Release|Any CPU.Build.0 = Release|Any CPU
		{6AE557EC-7D16-4737-84C8-31FF2B335DC6}.Debug|Any CPU.ActiveCfg = Debug|Any CPU
		{6AE557EC-7D16-4737-84C8-31FF2B335DC6}.Debug|Any CPU.Build.0 = Debug|Any CPU
		{6AE557EC-7D16-4737-84C8-31FF2B335DC6}.Release|Any CPU.ActiveCfg = Release|Any CPU
		{6AE557EC-7D16-4737-84C8-31FF2B335DC6}.Release|Any CPU.Build.0 = Release|Any CPU
	EndGlobalSection
	GlobalSection(SolutionProperties) = preSolution
		HideSolutionNode = FALSE
	EndGlobalSection
EndGlobal
